Microsoft Visual Studio Solution File, Format Version 12.00
# Visual Studio Version 17
VisualStudioVersion = 17.5.2.0
MinimumVisualStudioVersion = 10.0.40219.1
Project("{FAE04EC0-301F-11D3-BF4B-00C04F79EFBC}") = "LabWork6", "LabWork6.csproj", "{70AB0CC3-EFD2-0268-F7B6-BDA81A4AA9BF}"
EndProject
Global
	GlobalSection(SolutionConfigurationPlatforms) = preSolution
		Debug|Any CPU = Debug|Any CPU
		Release|Any CPU = Release|Any CPU
	EndGlobalSection
	GlobalSection(ProjectConfigurationPlatforms) = postSolution
		{70AB0CC3-EFD2-0268-F7B6-BDA81A4AA9BF}.Debug|Any CPU.ActiveCfg = Debug|Any CPU
		{70AB0CC3-EFD2-0268-F7B6-BDA81A4AA9BF}.Debug|Any CPU.Build.0 = Debug|Any CPU
		{70AB0CC3-EFD2-0268-F7B6-BDA81A4AA9BF}.Release|Any CPU.ActiveCfg = Release|Any CPU
		{70AB0CC3-EFD2-0268-F7B6-BDA81A4AA9BF}.Release|Any CPU.Build.0 = Release|Any CPU
	EndGlobalSection
	GlobalSection(SolutionProperties) = preSolution
		HideSolutionNode = FALSE
	EndGlobalSection
	GlobalSection(ExtensibilityGlobals) = postSolution
		SolutionGuid = {72587063-CF36-453E-AECD-645B58B09275}
	EndGlobalSection
EndGlobal
