Microsoft Visual Studio Solution File, Format Version 12.00
# Visual Studio Version 17
VisualStudioVersion = 17.5.2.0
MinimumVisualStudioVersion = 10.0.40219.1
Project("{FAE04EC0-301F-11D3-BF4B-00C04F79EFBC}") = "HomeWork4", "HomeWork4.csproj", "{29E5EC05-75A7-35DD-E7BB-F7EC666E7D25}"
EndProject
Global
	GlobalSection(SolutionConfigurationPlatforms) = preSolution
		Debug|Any CPU = Debug|Any CPU
		Release|Any CPU = Release|Any CPU
	EndGlobalSection
	GlobalSection(ProjectConfigurationPlatforms) = postSolution
		{29E5EC05-75A7-35DD-E7BB-F7EC666E7D25}.Debug|Any CPU.ActiveCfg = Debug|Any CPU
		{29E5EC05-75A7-35DD-E7BB-F7EC666E7D25}.Debug|Any CPU.Build.0 = Debug|Any CPU
		{29E5EC05-75A7-35DD-E7BB-F7EC666E7D25}.Release|Any CPU.ActiveCfg = Release|Any CPU
		{29E5EC05-75A7-35DD-E7BB-F7EC666E7D25}.Release|Any CPU.Build.0 = Release|Any CPU
	EndGlobalSection
	GlobalSection(SolutionProperties) = preSolution
		HideSolutionNode = FALSE
	EndGlobalSection
	GlobalSection(ExtensibilityGlobals) = postSolution
		SolutionGuid = {9647ADCD-6D32-4DA7-A972-3125D683F61F}
	EndGlobalSection
EndGlobal
