Microsoft Visual Studio Solution File, Format Version 12.00
# Visual Studio Version 17
VisualStudioVersion = 17.5.2.0
MinimumVisualStudioVersion = 10.0.40219.1
Project("{FAE04EC0-301F-11D3-BF4B-00C04F79EFBC}") = "LabWork4", "LabWork4.csproj", "{04C438AE-2D46-A78D-2C4F-0C1FF6B29088}"
EndProject
Global
	GlobalSection(SolutionConfigurationPlatforms) = preSolution
		Debug|Any CPU = Debug|Any CPU
		Release|Any CPU = Release|Any CPU
	EndGlobalSection
	GlobalSection(ProjectConfigurationPlatforms) = postSolution
		{04C438AE-2D46-A78D-2C4F-0C1FF6B29088}.Debug|Any CPU.ActiveCfg = Debug|Any CPU
		{04C438AE-2D46-A78D-2C4F-0C1FF6B29088}.Debug|Any CPU.Build.0 = Debug|Any CPU
		{04C438AE-2D46-A78D-2C4F-0C1FF6B29088}.Release|Any CPU.ActiveCfg = Release|Any CPU
		{04C438AE-2D46-A78D-2C4F-0C1FF6B29088}.Release|Any CPU.Build.0 = Release|Any CPU
	EndGlobalSection
	GlobalSection(SolutionProperties) = preSolution
		HideSolutionNode = FALSE
	EndGlobalSection
	GlobalSection(ExtensibilityGlobals) = postSolution
		SolutionGuid = {AE58BF2A-8E3F-4263-B983-6D9A91618C2E}
	EndGlobalSection
EndGlobal
